
Microsoft Visual Studio Solution File, Format Version 12.00
# Visual Studio Version 17
VisualStudioVersion = 17.7.34031.279
MinimumVisualStudioVersion = 10.0.40219.1
Project("{FAE04EC0-301F-11D3-BF4B-00C04F79EFBC}") = "Lynx2TCP", "Lynx2TCP.csproj", "{8DDA8EF1-AF09-4BB6-91C1-8B821065A409}"
EndProject
Global
	GlobalSection(SolutionConfigurationPlatforms) = preSolution
		Debug|Any CPU = Debug|Any CPU
		Release|Any CPU = Release|Any CPU
	EndGlobalSection
	GlobalSection(ProjectConfigurationPlatforms) = postSolution
		{8DDA8EF1-AF09-4BB6-91C1-8B821065A409}.Debug|Any CPU.ActiveCfg = Debug|Any CPU
		{8DDA8EF1-AF09-4BB6-91C1-8B821065A409}.Debug|Any CPU.Build.0 = Debug|Any CPU
		{8DDA8EF1-AF09-4BB6-91C1-8B821065A409}.Release|Any CPU.ActiveCfg = Release|Any CPU
		{8DDA8EF1-AF09-4BB6-91C1-8B821065A409}.Release|Any CPU.Build.0 = Release|Any CPU
	EndGlobalSection
	GlobalSection(SolutionProperties) = preSolution
		HideSolutionNode = FALSE
	EndGlobalSection
	GlobalSection(ExtensibilityGlobals) = postSolution
		SolutionGuid = {708C8856-6487-4C3B-A4D3-393AD4D83987}
	EndGlobalSection
EndGlobal
